
Microsoft Visual Studio Solution File, Format Version 12.00
# Visual Studio Version 16
VisualStudioVersion = 16.0.30804.86
MinimumVisualStudioVersion = 10.0.40219.1
Project("{FAE04EC0-301F-11D3-BF4B-00C04F79EFBC}") = "FoxyLayout", "FoxyLayout\FoxyLayout.csproj", "{6665907B-AB7D-425E-B03F-5A16E8B8BEC5}"
EndProject
Global
	GlobalSection(SolutionConfigurationPlatforms) = preSolution
		Debug|Any CPU = Debug|Any CPU
		Release|Any CPU = Release|Any CPU
	EndGlobalSection
	GlobalSection(ProjectConfigurationPlatforms) = postSolution
		{6665907B-AB7D-425E-B03F-5A16E8B8BEC5}.Debug|Any CPU.ActiveCfg = Debug|Any CPU
		{6665907B-AB7D-425E-B03F-5A16E8B8BEC5}.Debug|Any CPU.Build.0 = Debug|Any CPU
		{6665907B-AB7D-425E-B03F-5A16E8B8BEC5}.Release|Any CPU.ActiveCfg = Release|Any CPU
		{6665907B-AB7D-425E-B03F-5A16E8B8BEC5}.Release|Any CPU.Build.0 = Release|Any CPU
	EndGlobalSection
	GlobalSection(SolutionProperties) = preSolution
		HideSolutionNode = FALSE
	EndGlobalSection
	GlobalSection(ExtensibilityGlobals) = postSolution
		SolutionGuid = {596F33CB-DD1E-41A0-827A-49504FF030A6}
	EndGlobalSection
EndGlobal
